
Microsoft Visual Studio Solution File, Format Version 12.00
# Visual Studio Version 17
VisualStudioVersion = 17.2.32516.85
MinimumVisualStudioVersion = 10.0.40219.1
Project("{9A19103F-16F7-4668-BE54-9A1E7A4F7556}") = "Infortronics-Teste-Rafael-de-Oliveira", "Infortronics-Teste-Rafael-de-Oliveira\Infortronics-Teste-Rafael-de-Oliveira.csproj", "{F172E809-E2EC-4DF9-9243-AFC47A014FCB}"
EndProject
Project("{9A19103F-16F7-4668-BE54-9A1E7A4F7556}") = "BuscaCEP", "BuscaCEP\BuscaCEP.csproj", "{6F4F4C54-7672-4B9C-A241-83EAB435B8E2}"
EndProject
Project("{FAE04EC0-301F-11D3-BF4B-00C04F79EFBC}") = "SortNumbers", "SortNumbers\SortNumbers.csproj", "{4C09016E-CACC-4950-8E39-EEBD1E082CCC}"
EndProject
Global
	GlobalSection(SolutionConfigurationPlatforms) = preSolution
		Debug|Any CPU = Debug|Any CPU
		Release|Any CPU = Release|Any CPU
	EndGlobalSection
	GlobalSection(ProjectConfigurationPlatforms) = postSolution
		{F172E809-E2EC-4DF9-9243-AFC47A014FCB}.Debug|Any CPU.ActiveCfg = Debug|Any CPU
		{F172E809-E2EC-4DF9-9243-AFC47A014FCB}.Debug|Any CPU.Build.0 = Debug|Any CPU
		{F172E809-E2EC-4DF9-9243-AFC47A014FCB}.Release|Any CPU.ActiveCfg = Release|Any CPU
		{F172E809-E2EC-4DF9-9243-AFC47A014FCB}.Release|Any CPU.Build.0 = Release|Any CPU
		{6F4F4C54-7672-4B9C-A241-83EAB435B8E2}.Debug|Any CPU.ActiveCfg = Debug|Any CPU
		{6F4F4C54-7672-4B9C-A241-83EAB435B8E2}.Debug|Any CPU.Build.0 = Debug|Any CPU
		{6F4F4C54-7672-4B9C-A241-83EAB435B8E2}.Release|Any CPU.ActiveCfg = Release|Any CPU
		{6F4F4C54-7672-4B9C-A241-83EAB435B8E2}.Release|Any CPU.Build.0 = Release|Any CPU
		{4C09016E-CACC-4950-8E39-EEBD1E082CCC}.Debug|Any CPU.ActiveCfg = Debug|Any CPU
		{4C09016E-CACC-4950-8E39-EEBD1E082CCC}.Debug|Any CPU.Build.0 = Debug|Any CPU
		{4C09016E-CACC-4950-8E39-EEBD1E082CCC}.Release|Any CPU.ActiveCfg = Release|Any CPU
		{4C09016E-CACC-4950-8E39-EEBD1E082CCC}.Release|Any CPU.Build.0 = Release|Any CPU
	EndGlobalSection
	GlobalSection(SolutionProperties) = preSolution
		HideSolutionNode = FALSE
	EndGlobalSection
	GlobalSection(ExtensibilityGlobals) = postSolution
		SolutionGuid = {E8A6B07D-CC55-4D68-A4AB-B6DE1AC54080}
	EndGlobalSection
EndGlobal
